
Microsoft Visual Studio Solution File, Format Version 12.00
# Visual Studio Version 17
VisualStudioVersion = 17.9.34616.47
MinimumVisualStudioVersion = 10.0.40219.1
Project("{FAE04EC0-301F-11D3-BF4B-00C04F79EFBC}") = "CalcularSalario", "CalcularSalario\CalcularSalario.csproj", "{46A90A4C-7118-4E7B-9482-D2C520AA66A6}"
EndProject
Global
	GlobalSection(SolutionConfigurationPlatforms) = preSolution
		Debug|Any CPU = Debug|Any CPU
		Release|Any CPU = Release|Any CPU
	EndGlobalSection
	GlobalSection(ProjectConfigurationPlatforms) = postSolution
		{46A90A4C-7118-4E7B-9482-D2C520AA66A6}.Debug|Any CPU.ActiveCfg = Debug|Any CPU
		{46A90A4C-7118-4E7B-9482-D2C520AA66A6}.Debug|Any CPU.Build.0 = Debug|Any CPU
		{46A90A4C-7118-4E7B-9482-D2C520AA66A6}.Release|Any CPU.ActiveCfg = Release|Any CPU
		{46A90A4C-7118-4E7B-9482-D2C520AA66A6}.Release|Any CPU.Build.0 = Release|Any CPU
	EndGlobalSection
	GlobalSection(SolutionProperties) = preSolution
		HideSolutionNode = FALSE
	EndGlobalSection
	GlobalSection(ExtensibilityGlobals) = postSolution
		SolutionGuid = {C69B8C77-AB74-4BDB-BAD9-4AD1DAFC534E}
	EndGlobalSection
EndGlobal
